// !$*UTF8*$!
{
	archiveVersion = 1;
	classes = {
	};
	objectVersion = 46;
	objects = {

/* Begin PBXBuildFile section */
		46E10E6E1DF7EEE6000BAAF4 /* AppDelegate.swift in Sources */ = {isa = PBXBuildFile; fileRef = 46E10E6D1DF7EEE6000BAAF4 /* AppDelegate.swift */; };
		46E10E701DF7EEE6000BAAF4 /* ViewController.swift in Sources */ = {isa = PBXBuildFile; fileRef = 46E10E6F1DF7EEE6000BAAF4 /* ViewController.swift */; };
		46E10E731DF7EEE7000BAAF4 /* Main.storyboard in Resources */ = {isa = PBXBuildFile; fileRef = 46E10E711DF7EEE7000BAAF4 /* Main.storyboard */; };
		46E10E751DF7EEE7000BAAF4 /* Assets.xcassets in Resources */ = {isa = PBXBuildFile; fileRef = 46E10E741DF7EEE7000BAAF4 /* Assets.xcassets */; };
		46E10E781DF7EEE7000BAAF4 /* LaunchScreen.storyboard in Resources */ = {isa = PBXBuildFile; fileRef = 46E10E761DF7EEE7000BAAF4 /* LaunchScreen.storyboard */; };
		46E10E831DF7EEE7000BAAF4 /* testtestTests.swift in Sources */ = {isa = PBXBuildFile; fileRef = 46E10E821DF7EEE7000BAAF4 /* testtestTests.swift */; };
		46E10E8E1DF7EEE7000BAAF4 /* testtestUITests.swift in Sources */ = {isa = PBXBuildFile; fileRef = 46E10E8D1DF7EEE7000BAAF4 /* testtestUITests.swift */; };
/* End PBXBuildFile section */

/* Begin PBXContainerItemProxy section */
		46E10E7F1DF7EEE7000BAAF4 /* PBXContainerItemProxy */ = {
			isa = PBXContainerItemProxy;
			containerPortal = 46E10E621DF7EEE1000BAAF4 /* Project object */;
			proxyType = 1;
			remoteGlobalIDString = 46E10E691DF7EEE2000BAAF4;
			remoteInfo = testtest;
		};
		46E10E8A1DF7EEE7000BAAF4 /* PBXContainerItemProxy */ = {
			isa = PBXContainerItemProxy;
			containerPortal = 46E10E621DF7EEE1000BAAF4 /* Project object */;
			proxyType = 1;
			remoteGlobalIDString = 46E10E691DF7EEE2000BAAF4;
			remoteInfo = testtest;
		};
/* End PBXContainerItemProxy section */

/* Begin PBXFileReference section */
		46E10E6A1DF7EEE6000BAAF4 /* testtest.app */ = {isa = PBXFileReference; explicitFileType = wrapper.application; includeInIndex = 0; path = testtest.app; sourceTree = BUILT_PRODUCTS_DIR; };
		46E10E6D1DF7EEE6000BAAF4 /* AppDelegate.swift */ = {isa = PBXFileReference; lastKnownFileType = sourcecode.swift; path = AppDelegate.swift; sourceTree = "<group>"; };
		46E10E6F1DF7EEE6000BAAF4 /* ViewController.swift */ = {isa = PBXFileReference; lastKnownFileType = sourcecode.swift; path = ViewController.swift; sourceTree = "<group>"; };
		46E10E721DF7EEE7000BAAF4 /* Base */ = {isa = PBXFileReference; lastKnownFileType = file.storyboard; name = Base; path = Base.lproj/Main.storyboard; sourceTree = "<group>"; };
		46E10E741DF7EEE7000BAAF4 /* Assets.xcassets */ = {isa = PBXFileReference; lastKnownFileType = folder.assetcatalog; path = Assets.xcassets; sourceTree = "<group>"; };
		46E10E771DF7EEE7000BAAF4 /* Base */ = {isa = PBXFileReference; lastKnownFileType = file.storyboard; name = Base; path = Base.lproj/LaunchScreen.storyboard; sourceTree = "<group>"; };
		46E10E791DF7EEE7000BAAF4 /* Info.plist */ = {isa = PBXFileReference; lastKnownFileType = text.plist.xml; path = Info.plist; sourceTree = "<group>"; };
		46E10E7E1DF7EEE7000BAAF4 /* testtestTests.xctest */ = {isa = PBXFileReference; explicitFileType = wrapper.cfbundle; includeInIndex = 0; path = testtestTests.xctest; sourceTree = BUILT_PRODUCTS_DIR; };
		46E10E821DF7EEE7000BAAF4 /* testtestTests.swift */ = {isa = PBXFileReference; lastKnownFileType = sourcecode.swift; path = testtestTests.swift; sourceTree = "<group>"; };
		46E10E841DF7EEE7000BAAF4 /* Info.plist */ = {isa = PBXFileReference; lastKnownFileType = text.plist.xml; path = Info.plist; sourceTree = "<group>"; };
		46E10E891DF7EEE7000BAAF4 /* testtestUITests.xctest */ = {isa = PBXFileReference; explicitFileType = wrapper.cfbundle; includeInIndex = 0; path = testtestUITests.xctest; sourceTree = BUILT_PRODUCTS_DIR; };
		46E10E8D1DF7EEE7000BAAF4 /* testtestUITests.swift */ = {isa = PBXFileReference; lastKnownFileType = sourcecode.swift; path = testtestUITests.swift; sourceTree = "<group>"; };
		46E10E8F1DF7EEE7000BAAF4 /* Info.plist */ = {isa = PBXFileReference; lastKnownFileType = text.plist.xml; path = Info.plist; sourceTree = "<group>"; };
/* End PBXFileReference section */

/* Begin PBXFrameworksBuildPhase section */
		46E10E671DF7EEE2000BAAF4 /* Frameworks */ = {
			isa = PBXFrameworksBuildPhase;
			buildActionMask = 2147483647;
			files = (
			);
			runOnlyForDeploymentPostprocessing = 0;
		};
		46E10E7B1DF7EEE7000BAAF4 /* Frameworks */ = {
			isa = PBXFrameworksBuildPhase;
			buildActionMask = 2147483647;
			files = (
			);
			runOnlyForDeploymentPostprocessing = 0;
		};
		46E10E861DF7EEE7000BAAF4 /* Frameworks */ = {
			isa = PBXFrameworksBuildPhase;
			buildActionMask = 2147483647;
			files = (
			);
			runOnlyForDeploymentPostprocessing = 0;
		};
/* End PBXFrameworksBuildPhase section */

/* Begin PBXGroup section */
		46E10E611DF7EEE1000BAAF4 = {
			isa = PBXGroup;
			children = (
				46E10E6C1DF7EEE6000BAAF4 /* testtest */,
				46E10E811DF7EEE7000BAAF4 /* testtestTests */,
				46E10E8C1DF7EEE7000BAAF4 /* testtestUITests */,
				46E10E6B1DF7EEE6000BAAF4 /* Products */,
			);
			sourceTree = "<group>";
		};
		46E10E6B1DF7EEE6000BAAF4 /* Products */ = {
			isa = PBXGroup;
			children = (
				46E10E6A1DF7EEE6000BAAF4 /* testtest.app */,
				46E10E7E1DF7EEE7000BAAF4 /* testtestTests.xctest */,
				46E10E891DF7EEE7000BAAF4 /* testtestUITests.xctest */,
			);
			name = Products;
			sourceTree = "<group>";
		};
		46E10E6C1DF7EEE6000BAAF4 /* testtest */ = {
			isa = PBXGroup;
			children = (
				46E10E6D1DF7EEE6000BAAF4 /* AppDelegate.swift */,
				46E10E6F1DF7EEE6000BAAF4 /* ViewController.swift */,
				46E10E711DF7EEE7000BAAF4 /* Main.storyboard */,
				46E10E741DF7EEE7000BAAF4 /* Assets.xcassets */,
				46E10E761DF7EEE7000BAAF4 /* LaunchScreen.storyboard */,
				46E10E791DF7EEE7000BAAF4 /* Info.plist */,
			);
			path = testtest;
			sourceTree = "<group>";
		};
		46E10E811DF7EEE7000BAAF4 /* testtestTests */ = {
			isa = PBXGroup;
			children = (
				46E10E821DF7EEE7000BAAF4 /* testtestTests.swift */,
				46E10E841DF7EEE7000BAAF4 /* Info.plist */,
			);
			path = testtestTests;
			sourceTree = "<group>";
		};
		46E10E8C1DF7EEE7000BAAF4 /* testtestUITests */ = {
			isa = PBXGroup;
			children = (
				46E10E8D1DF7EEE7000BAAF4 /* testtestUITests.swift */,
				46E10E8F1DF7EEE7000BAAF4 /* Info.plist */,
			);
			path = testtestUITests;
			sourceTree = "<group>";
		};
/* End PBXGroup section */

/* Begin PBXNativeTarget section */
		46E10E691DF7EEE2000BAAF4 /* testtest */ = {
			isa = PBXNativeTarget;
			buildConfigurationList = 46E10E921DF7EEE7000BAAF4 /* Build configuration list for PBXNativeTarget "testtest" */;
			buildPhases = (
				46E10E661DF7EEE2000BAAF4 /* Sources */,
				46E10E671DF7EEE2000BAAF4 /* Frameworks */,
				46E10E681DF7EEE2000BAAF4 /* Resources */,
			);
			buildRules = (
			);
			dependencies = (
			);
			name = testtest;
			productName = testtest;
			productReference = 46E10E6A1DF7EEE6000BAAF4 /* testtest.app */;
			productType = "com.apple.product-type.application";
		};
		46E10E7D1DF7EEE7000BAAF4 /* testtestTests */ = {
			isa = PBXNativeTarget;
			buildConfigurationList = 46E10E951DF7EEE7000BAAF4 /* Build configuration list for PBXNativeTarget "testtestTests" */;
			buildPhases = (
				46E10E7A1DF7EEE7000BAAF4 /* Sources */,
				46E10E7B1DF7EEE7000BAAF4 /* Frameworks */,
				46E10E7C1DF7EEE7000BAAF4 /* Resources */,
			);
			buildRules = (
			);
			dependencies = (
				46E10E801DF7EEE7000BAAF4 /* PBXTargetDependency */,
			);
			name = testtestTests;
			productName = testtestTests;
			productReference = 46E10E7E1DF7EEE7000BAAF4 /* testtestTests.xctest */;
			productType = "com.apple.product-type.bundle.unit-test";
		};
		46E10E881DF7EEE7000BAAF4 /* testtestUITests */ = {
			isa = PBXNativeTarget;
			buildConfigurationList = 46E10E981DF7EEE7000BAAF4 /* Build configuration list for PBXNativeTarget "testtestUITests" */;
			buildPhases = (
				46E10E851DF7EEE7000BAAF4 /* Sources */,
				46E10E861DF7EEE7000BAAF4 /* Frameworks */,
				46E10E871DF7EEE7000BAAF4 /* Resources */,
			);
			buildRules = (
			);
			dependencies = (
				46E10E8B1DF7EEE7000BAAF4 /* PBXTargetDependency */,
			);
			name = testtestUITests;
			productName = testtestUITests;
			productReference = 46E10E891DF7EEE7000BAAF4 /* testtestUITests.xctest */;
			productType = "com.apple.product-type.bundle.ui-testing";
		};
/* End PBXNativeTarget section */

/* Begin PBXProject section */
		46E10E621DF7EEE1000BAAF4 /* Project object */ = {
			isa = PBXProject;
			attributes = {
				LastSwiftUpdateCheck = 0800;
				LastUpgradeCheck = 0800;
				ORGANIZATIONNAME = watakemi725;
				TargetAttributes = {
					46E10E691DF7EEE2000BAAF4 = {
						CreatedOnToolsVersion = 8.0;
						DevelopmentTeam = 23R25BV2CB;
						ProvisioningStyle = Manual;
					};
					46E10E7D1DF7EEE7000BAAF4 = {
						CreatedOnToolsVersion = 8.0;
						DevelopmentTeam = 23R25BV2CB;
						ProvisioningStyle = Automatic;
						TestTargetID = 46E10E691DF7EEE2000BAAF4;
					};
					46E10E881DF7EEE7000BAAF4 = {
						CreatedOnToolsVersion = 8.0;
						DevelopmentTeam = 23R25BV2CB;
						ProvisioningStyle = Automatic;
						TestTargetID = 46E10E691DF7EEE2000BAAF4;
					};
				};
			};
			buildConfigurationList = 46E10E651DF7EEE1000BAAF4 /* Build configuration list for PBXProject "testtest" */;
			compatibilityVersion = "Xcode 3.2";
			developmentRegion = English;
			hasScannedForEncodings = 0;
			knownRegions = (
				en,
				Base,
			);
			mainGroup = 46E10E611DF7EEE1000BAAF4;
			productRefGroup = 46E10E6B1DF7EEE6000BAAF4 /* Products */;
			projectDirPath = "";
			projectRoot = "";
			targets = (
				46E10E691DF7EEE2000BAAF4 /* testtest */,
				46E10E7D1DF7EEE7000BAAF4 /* testtestTests */,
				46E10E881DF7EEE7000BAAF4 /* testtestUITests */,
			);
		};
/* End PBXProject section */

/* Begin PBXResourcesBuildPhase section */
		46E10E681DF7EEE2000BAAF4 /* Resources */ = {
			isa = PBXResourcesBuildPhase;
			buildActionMask = 2147483647;
			files = (
				46E10E781DF7EEE7000BAAF4 /* LaunchScreen.storyboard in Resources */,
				46E10E751DF7EEE7000BAAF4 /* Assets.xcassets in Resources */,
				46E10E731DF7EEE7000BAAF4 /* Main.storyboard in Resources */,
			);
			runOnlyForDeploymentPostprocessing = 0;
		};
		46E10E7C1DF7EEE7000BAAF4 /* Resources */ = {
			isa = PBXResourcesBuildPhase;
			buildActionMask = 2147483647;
			files = (
			);
			runOnlyForDeploymentPostprocessing = 0;
		};
		46E10E871DF7EEE7000BAAF4 /* Resources */ = {
			isa = PBXResourcesBuildPhase;
			buildActionMask = 2147483647;
			files = (
			);
			runOnlyForDeploymentPostprocessing = 0;
		};
/* End PBXResourcesBuildPhase section */

/* Begin PBXSourcesBuildPhase section */
		46E10E661DF7EEE2000BAAF4 /* Sources */ = {
			isa = PBXSourcesBuildPhase;
			buildActionMask = 2147483647;
			files = (
				46E10E701DF7EEE6000BAAF4 /* ViewController.swift in Sources */,
				46E10E6E1DF7EEE6000BAAF4 /* AppDelegate.swift in Sources */,
			);
			runOnlyForDeploymentPostprocessing = 0;
		};
		46E10E7A1DF7EEE7000BAAF4 /* Sources */ = {
			isa = PBXSourcesBuildPhase;
			buildActionMask = 2147483647;
			files = (
				46E10E831DF7EEE7000BAAF4 /* testtestTests.swift in Sources */,
			);
			runOnlyForDeploymentPostprocessing = 0;
		};
		46E10E851DF7EEE7000BAAF4 /* Sources */ = {
			isa = PBXSourcesBuildPhase;
			buildActionMask = 2147483647;
			files = (
				46E10E8E1DF7EEE7000BAAF4 /* testtestUITests.swift in Sources */,
			);
			runOnlyForDeploymentPostprocessing = 0;
		};
/* End PBXSourcesBuildPhase section */

/* Begin PBXTargetDependency section */
		46E10E801DF7EEE7000BAAF4 /* PBXTargetDependency */ = {
			isa = PBXTargetDependency;
			target = 46E10E691DF7EEE2000BAAF4 /* testtest */;
			targetProxy = 46E10E7F1DF7EEE7000BAAF4 /* PBXContainerItemProxy */;
		};
		46E10E8B1DF7EEE7000BAAF4 /* PBXTargetDependency */ = {
			isa = PBXTargetDependency;
			target = 46E10E691DF7EEE2000BAAF4 /* testtest */;
			targetProxy = 46E10E8A1DF7EEE7000BAAF4 /* PBXContainerItemProxy */;
		};
/* End PBXTargetDependency section */

/* Begin PBXVariantGroup section */
		46E10E711DF7EEE7000BAAF4 /* Main.storyboard */ = {
			isa = PBXVariantGroup;
			children = (
				46E10E721DF7EEE7000BAAF4 /* Base */,
			);
			name = Main.storyboard;
			sourceTree = "<group>";
		};
		46E10E761DF7EEE7000BAAF4 /* LaunchScreen.storyboard */ = {
			isa = PBXVariantGroup;
			children = (
				46E10E771DF7EEE7000BAAF4 /* Base */,
			);
			name = LaunchScreen.storyboard;
			sourceTree = "<group>";
		};
/* End PBXVariantGroup section */

/* Begin XCBuildConfiguration section */
		46E10E901DF7EEE7000BAAF4 /* Debug */ = {
			isa = XCBuildConfiguration;
			buildSettings = {
				ALWAYS_SEARCH_USER_PATHS = NO;
				CLANG_ANALYZER_NONNULL = YES;
				CLANG_CXX_LANGUAGE_STANDARD = "gnu++0x";
				CLANG_CXX_LIBRARY = "libc++";
				CLANG_ENABLE_MODULES = YES;
				CLANG_ENABLE_OBJC_ARC = YES;
				CLANG_WARN_BOOL_CONVERSION = YES;
				CLANG_WARN_CONSTANT_CONVERSION = YES;
				CLANG_WARN_DIRECT_OBJC_ISA_USAGE = YES_ERROR;
				CLANG_WARN_DOCUMENTATION_COMMENTS = YES;
				CLANG_WARN_EMPTY_BODY = YES;
				CLANG_WARN_ENUM_CONVERSION = YES;
				CLANG_WARN_INFINITE_RECURSION = YES;
				CLANG_WARN_INT_CONVERSION = YES;
				CLANG_WARN_OBJC_ROOT_CLASS = YES_ERROR;
				CLANG_WARN_SUSPICIOUS_MOVES = YES;
				CLANG_WARN_UNREACHABLE_CODE = YES;
				CLANG_WARN__DUPLICATE_METHOD_MATCH = YES;
				"CODE_SIGN_IDENTITY[sdk=iphoneos*]" = "iPhone Developer";
				COPY_PHASE_STRIP = NO;
				DEBUG_INFORMATION_FORMAT = dwarf;
				ENABLE_STRICT_OBJC_MSGSEND = YES;
				ENABLE_TESTABILITY = YES;
				GCC_C_LANGUAGE_STANDARD = gnu99;
				GCC_DYNAMIC_NO_PIC = NO;
				GCC_NO_COMMON_BLOCKS = YES;
				GCC_OPTIMIZATION_LEVEL = 0;
				GCC_PREPROCESSOR_DEFINITIONS = (
					"DEBUG=1",
					"$(inherited)",
				);
				GCC_WARN_64_TO_32_BIT_CONVERSION = YES;
				GCC_WARN_ABOUT_RETURN_TYPE = YES_ERROR;
				GCC_WARN_UNDECLARED_SELECTOR = YES;
				GCC_WARN_UNINITIALIZED_AUTOS = YES_AGGRESSIVE;
				GCC_WARN_UNUSED_FUNCTION = YES;
				GCC_WARN_UNUSED_VARIABLE = YES;
				IPHONEOS_DEPLOYMENT_TARGET = 10.0;
				MTL_ENABLE_DEBUG_INFO = YES;
				ONLY_ACTIVE_ARCH = YES;
				SDKROOT = iphoneos;
				SWIFT_ACTIVE_COMPILATION_CONDITIONS = DEBUG;
				SWIFT_OPTIMIZATION_LEVEL = "-Onone";
			};
			name = Debug;
		};
		46E10E911DF7EEE7000BAAF4 /* Release */ = {
			isa = XCBuildConfiguration;
			buildSettings = {
				ALWAYS_SEARCH_USER_PATHS = NO;
				CLANG_ANALYZER_NONNULL = YES;
				CLANG_CXX_LANGUAGE_STANDARD = "gnu++0x";
				CLANG_CXX_LIBRARY = "libc++";
				CLANG_ENABLE_MODULES = YES;
				CLANG_ENABLE_OBJC_ARC = YES;
				CLANG_WARN_BOOL_CONVERSION = YES;
				CLANG_WARN_CONSTANT_CONVERSION = YES;
				CLANG_WARN_DIRECT_OBJC_ISA_USAGE = YES_ERROR;
				CLANG_WARN_DOCUMENTATION_COMMENTS = YES;
				CLANG_WARN_EMPTY_BODY = YES;
				CLANG_WARN_ENUM_CONVERSION = YES;
				CLANG_WARN_INFINITE_RECURSION = YES;
				CLANG_WARN_INT_CONVERSION = YES;
				CLANG_WARN_OBJC_ROOT_CLASS = YES_ERROR;
				CLANG_WARN_SUSPICIOUS_MOVES = YES;
				CLANG_WARN_UNREACHABLE_CODE = YES;
				CLANG_WARN__DUPLICATE_METHOD_MATCH = YES;
				"CODE_SIGN_IDENTITY[sdk=iphoneos*]" = "iPhone Developer";
				COPY_PHASE_STRIP = NO;
				DEBUG_INFORMATION_FORMAT = "dwarf-with-dsym";
				ENABLE_NS_ASSERTIONS = NO;
				ENABLE_STRICT_OBJC_MSGSEND = YES;
				GCC_C_LANGUAGE_STANDARD = gnu99;
				GCC_NO_COMMON_BLOCKS = YES;
				GCC_WARN_64_TO_32_BIT_CONVERSION = YES;
				GCC_WARN_ABOUT_RETURN_TYPE = YES_ERROR;
				GCC_WARN_UNDECLARED_SELECTOR = YES;
				GCC_WARN_UNINITIALIZED_AUTOS = YES_AGGRESSIVE;
				GCC_WARN_UNUSED_FUNCTION = YES;
				GCC_WARN_UNUSED_VARIABLE = YES;
				IPHONEOS_DEPLOYMENT_TARGET = 10.0;
				MTL_ENABLE_DEBUG_INFO = NO;
				SDKROOT = iphoneos;
				SWIFT_OPTIMIZATION_LEVEL = "-Owholemodule";
				VALIDATE_PRODUCT = YES;
			};
			name = Release;
		};
		46E10E931DF7EEE7000BAAF4 /* Debug */ = {
			isa = XCBuildConfiguration;
			buildSettings = {
				ASSETCATALOG_COMPILER_APPICON_NAME = AppIcon;
				DEVELOPMENT_TEAM = "";
				INFOPLIST_FILE = testtest/Info.plist;
				IPHONEOS_DEPLOYMENT_TARGET = 9.2;
				LD_RUNPATH_SEARCH_PATHS = "$(inherited) @executable_path/Frameworks";
				PRODUCT_BUNDLE_IDENTIFIER = "com.ma-tilde.testtest";
				PRODUCT_NAME = "$(TARGET_NAME)";
				SWIFT_VERSION = 3.0;
			};
			name = Debug;
		};
		46E10E941DF7EEE7000BAAF4 /* Release */ = {
			isa = XCBuildConfiguration;
			buildSettings = {
				ASSETCATALOG_COMPILER_APPICON_NAME = AppIcon;
				"CODE_SIGN_IDENTITY[sdk=iphoneos*]" = "iPhone Distribution";
				DEVELOPMENT_TEAM = 23R25BV2CB;
				INFOPLIST_FILE = testtest/Info.plist;
				IPHONEOS_DEPLOYMENT_TARGET = 9.2;
				LD_RUNPATH_SEARCH_PATHS = "$(inherited) @executable_path/Frameworks";
				PRODUCT_BUNDLE_IDENTIFIER = "com.ma-tilde.testtest";
				PRODUCT_NAME = "$(TARGET_NAME)";
				PROVISIONING_PROFILE = "be227d56-38cb-40aa-807e-f33b2ea4254c";
				PROVISIONING_PROFILE_SPECIFIER = WildeCardKeiShiratori;
				SWIFT_VERSION = 3.0;
			};
			name = Release;
		};
		46E10E961DF7EEE7000BAAF4 /* Debug */ = {
			isa = XCBuildConfiguration;
			buildSettings = {
				ALWAYS_EMBED_SWIFT_STANDARD_LIBRARIES = YES;
				BUNDLE_LOADER = "$(TEST_HOST)";
				DEVELOPMENT_TEAM = 23R25BV2CB;
				INFOPLIST_FILE = testtestTests/Info.plist;
				LD_RUNPATH_SEARCH_PATHS = "$(inherited) @executable_path/Frameworks @loader_path/Frameworks";
				PRODUCT_BUNDLE_IDENTIFIER = "com.ma-tilde.testtestTests";
				PRODUCT_NAME = "$(TARGET_NAME)";
				SWIFT_VERSION = 3.0;
				TEST_HOST = "$(BUILT_PRODUCTS_DIR)/testtest.app/testtest";
			};
			name = Debug;
		};
		46E10E971DF7EEE7000BAAF4 /* Release */ = {
			isa = XCBuildConfiguration;
			buildSettings = {
				ALWAYS_EMBED_SWIFT_STANDARD_LIBRARIES = YES;
				BUNDLE_LOADER = "$(TEST_HOST)";
				DEVELOPMENT_TEAM = 23R25BV2CB;
				INFOPLIST_FILE = testtestTests/Info.plist;
				LD_RUNPATH_SEARCH_PATHS = "$(inherited) @executable_path/Frameworks @loader_path/Frameworks";
				PRODUCT_BUNDLE_IDENTIFIER = "com.ma-tilde.testtestTests";
				PRODUCT_NAME = "$(TARGET_NAME)";
				SWIFT_VERSION = 3.0;
				TEST_HOST = "$(BUILT_PRODUCTS_DIR)/testtest.app/testtest";
			};
			name = Release;
		};
		46E10E991DF7EEE7000BAAF4 /* Debug */ = {
			isa = XCBuildConfiguration;
			buildSettings = {
				ALWAYS_EMBED_SWIFT_STANDARD_LIBRARIES = YES;
				DEVELOPMENT_TEAM = 23R25BV2CB;
				INFOPLIST_FILE = testtestUITests/Info.plist;
				LD_RUNPATH_SEARCH_PATHS = "$(inherited) @executable_path/Frameworks @loader_path/Frameworks";
				PRODUCT_BUNDLE_IDENTIFIER = "com.ma-tilde.testtestUITests";
				PRODUCT_NAME = "$(TARGET_NAME)";
				SWIFT_VERSION = 3.0;
				TEST_TARGET_NAME = testtest;
			};
			name = Debug;
		};
		46E10E9A1DF7EEE7000BAAF4 /* Release */ = {
			isa = XCBuildConfiguration;
			buildSettings = {
				ALWAYS_EMBED_SWIFT_STANDARD_LIBRARIES = YES;
				DEVELOPMENT_TEAM = 23R25BV2CB;
				INFOPLIST_FILE = testtestUITests/Info.plist;
				LD_RUNPATH_SEARCH_PATHS = "$(inherited) @executable_path/Frameworks @loader_path/Frameworks";
				PRODUCT_BUNDLE_IDENTIFIER = "com.ma-tilde.testtestUITests";
				PRODUCT_NAME = "$(TARGET_NAME)";
				SWIFT_VERSION = 3.0;
				TEST_TARGET_NAME = testtest;
			};
			name = Release;
		};
/* End XCBuildConfiguration section */

/* Begin XCConfigurationList section */
		46E10E651DF7EEE1000BAAF4 /* Build configuration list for PBXProject "testtest" */ = {
			isa = XCConfigurationList;
			buildConfigurations = (
				46E10E901DF7EEE7000BAAF4 /* Debug */,
				46E10E911DF7EEE7000BAAF4 /* Release */,
			);
			defaultConfigurationIsVisible = 0;
			defaultConfigurationName = Release;
		};
		46E10E921DF7EEE7000BAAF4 /* Build configuration list for PBXNativeTarget "testtest" */ = {
			isa = XCConfigurationList;
			buildConfigurations = (
				46E10E931DF7EEE7000BAAF4 /* Debug */,
				46E10E941DF7EEE7000BAAF4 /* Release */,
			);
			defaultConfigurationIsVisible = 0;
		};
		46E10E951DF7EEE7000BAAF4 /* Build configuration list for PBXNativeTarget "testtestTests" */ = {
			isa = XCConfigurationList;
			buildConfigurations = (
				46E10E961DF7EEE7000BAAF4 /* Debug */,
				46E10E971DF7EEE7000BAAF4 /* Release */,
			);
			defaultConfigurationIsVisible = 0;
		};
		46E10E981DF7EEE7000BAAF4 /* Build configuration list for PBXNativeTarget "testtestUITests" */ = {
			isa = XCConfigurationList;
			buildConfigurations = (
				46E10E991DF7EEE7000BAAF4 /* Debug */,
				46E10E9A1DF7EEE7000BAAF4 /* Release */,
			);
			defaultConfigurationIsVisible = 0;
		};
/* End XCConfigurationList section */
	};
	rootObject = 46E10E621DF7EEE1000BAAF4 /* Project object */;
}
